
Microsoft Visual Studio Solution File, Format Version 12.00
# Visual Studio Version 16
VisualStudioVersion = 16.0.30225.117
MinimumVisualStudioVersion = 10.0.40219.1
Project("{8BC9CEB8-8B4A-11D0-8D11-00A0C91BC942}") = "ConsoleApplication74", "ConsoleApplication74\ConsoleApplication74.vcxproj", "{C18E2044-7000-494D-AEDA-8D03809CAB91}"
EndProject
Global
	GlobalSection(SolutionConfigurationPlatforms) = preSolution
		Debug|x64 = Debug|x64
		Debug|x86 = Debug|x86
		Release|x64 = Release|x64
		Release|x86 = Release|x86
	EndGlobalSection
	GlobalSection(ProjectConfigurationPlatforms) = postSolution
		{C18E2044-7000-494D-AEDA-8D03809CAB91}.Debug|x64.ActiveCfg = Debug|x64
		{C18E2044-7000-494D-AEDA-8D03809CAB91}.Debug|x64.Build.0 = Debug|x64
		{C18E2044-7000-494D-AEDA-8D03809CAB91}.Debug|x86.ActiveCfg = Debug|Win32
		{C18E2044-7000-494D-AEDA-8D03809CAB91}.Debug|x86.Build.0 = Debug|Win32
		{C18E2044-7000-494D-AEDA-8D03809CAB91}.Release|x64.ActiveCfg = Release|x64
		{C18E2044-7000-494D-AEDA-8D03809CAB91}.Release|x64.Build.0 = Release|x64
		{C18E2044-7000-494D-AEDA-8D03809CAB91}.Release|x86.ActiveCfg = Release|Win32
		{C18E2044-7000-494D-AEDA-8D03809CAB91}.Release|x86.Build.0 = Release|Win32
	EndGlobalSection
	GlobalSection(SolutionProperties) = preSolution
		HideSolutionNode = FALSE
	EndGlobalSection
	GlobalSection(ExtensibilityGlobals) = postSolution
		SolutionGuid = {2E9AAF34-005F-4037-8FEC-D6425D47C19F}
	EndGlobalSection
EndGlobal
